
Microsoft Visual Studio Solution File, Format Version 12.00
# Visual Studio 15
VisualStudioVersion = 15.0.28307.438
MinimumVisualStudioVersion = 10.0.40219.1
Project("{FAE04EC0-301F-11D3-BF4B-00C04F79EFBC}") = "Zavd6", "Zavd6\Zavd6.csproj", "{432C885E-3CAF-4F56-B3CD-93AB78F3A4E5}"
EndProject
Global
	GlobalSection(SolutionConfigurationPlatforms) = preSolution
		Debug|Any CPU = Debug|Any CPU
		Debug|x64 = Debug|x64
		Release|Any CPU = Release|Any CPU
		Release|x64 = Release|x64
	EndGlobalSection
	GlobalSection(ProjectConfigurationPlatforms) = postSolution
		{432C885E-3CAF-4F56-B3CD-93AB78F3A4E5}.Debug|Any CPU.ActiveCfg = Debug|Any CPU
		{432C885E-3CAF-4F56-B3CD-93AB78F3A4E5}.Debug|Any CPU.Build.0 = Debug|Any CPU
		{432C885E-3CAF-4F56-B3CD-93AB78F3A4E5}.Debug|x64.ActiveCfg = Debug|x64
		{432C885E-3CAF-4F56-B3CD-93AB78F3A4E5}.Debug|x64.Build.0 = Debug|x64
		{432C885E-3CAF-4F56-B3CD-93AB78F3A4E5}.Release|Any CPU.ActiveCfg = Release|Any CPU
		{432C885E-3CAF-4F56-B3CD-93AB78F3A4E5}.Release|Any CPU.Build.0 = Release|Any CPU
		{432C885E-3CAF-4F56-B3CD-93AB78F3A4E5}.Release|x64.ActiveCfg = Release|x64
		{432C885E-3CAF-4F56-B3CD-93AB78F3A4E5}.Release|x64.Build.0 = Release|x64
	EndGlobalSection
	GlobalSection(SolutionProperties) = preSolution
		HideSolutionNode = FALSE
	EndGlobalSection
	GlobalSection(ExtensibilityGlobals) = postSolution
		SolutionGuid = {8B2FD81C-DED3-41C3-9774-C6E68530A2F6}
	EndGlobalSection
EndGlobal
