
Microsoft Visual Studio Solution File, Format Version 12.00
# Visual Studio Version 16
VisualStudioVersion = 16.0.28803.352
MinimumVisualStudioVersion = 10.0.40219.1
Project("{FAE04EC0-301F-11D3-BF4B-00C04F79EFBC}") = "WcfService1", "WcfService1\WcfService1.csproj", "{C5E519D9-9E9B-4C53-9307-026E19E74E72}"
EndProject
Global
	GlobalSection(SolutionConfigurationPlatforms) = preSolution
		Debug|Any CPU = Debug|Any CPU
		Release|Any CPU = Release|Any CPU
	EndGlobalSection
	GlobalSection(ProjectConfigurationPlatforms) = postSolution
		{C5E519D9-9E9B-4C53-9307-026E19E74E72}.Debug|Any CPU.ActiveCfg = Debug|Any CPU
		{C5E519D9-9E9B-4C53-9307-026E19E74E72}.Debug|Any CPU.Build.0 = Debug|Any CPU
		{C5E519D9-9E9B-4C53-9307-026E19E74E72}.Release|Any CPU.ActiveCfg = Release|Any CPU
		{C5E519D9-9E9B-4C53-9307-026E19E74E72}.Release|Any CPU.Build.0 = Release|Any CPU
	EndGlobalSection
	GlobalSection(SolutionProperties) = preSolution
		HideSolutionNode = FALSE
	EndGlobalSection
	GlobalSection(ExtensibilityGlobals) = postSolution
		SolutionGuid = {2DC4983C-BF7B-4482-91C2-F3019CF8CEF7}
	EndGlobalSection
EndGlobal
