
Microsoft Visual Studio Solution File, Format Version 12.00
# Visual Studio 15
VisualStudioVersion = 15.0.28307.438
MinimumVisualStudioVersion = 10.0.40219.1
Project("{FAE04EC0-301F-11D3-BF4B-00C04F79EFBC}") = "Kalifornicina", "Kalifornicina\Kalifornicina.csproj", "{06D3378E-BFF8-4459-917D-6D7003D51067}"
EndProject
Project("{54435603-DBB4-11D2-8724-00A0C9A8B90C}") = "Setup1", "Setup1\Setup1.vdproj", "{50EB71D1-5EFB-4C1A-AE9E-5F32DEE1C744}"
EndProject
Global
	GlobalSection(SolutionConfigurationPlatforms) = preSolution
		Debug|Any CPU = Debug|Any CPU
		Release|Any CPU = Release|Any CPU
	EndGlobalSection
	GlobalSection(ProjectConfigurationPlatforms) = postSolution
		{06D3378E-BFF8-4459-917D-6D7003D51067}.Debug|Any CPU.ActiveCfg = Debug|Any CPU
		{06D3378E-BFF8-4459-917D-6D7003D51067}.Debug|Any CPU.Build.0 = Debug|Any CPU
		{06D3378E-BFF8-4459-917D-6D7003D51067}.Release|Any CPU.ActiveCfg = Release|Any CPU
		{06D3378E-BFF8-4459-917D-6D7003D51067}.Release|Any CPU.Build.0 = Release|Any CPU
		{50EB71D1-5EFB-4C1A-AE9E-5F32DEE1C744}.Debug|Any CPU.ActiveCfg = Debug
		{50EB71D1-5EFB-4C1A-AE9E-5F32DEE1C744}.Release|Any CPU.ActiveCfg = Release
	EndGlobalSection
	GlobalSection(SolutionProperties) = preSolution
		HideSolutionNode = FALSE
	EndGlobalSection
	GlobalSection(ExtensibilityGlobals) = postSolution
		SolutionGuid = {B0AC0C99-EF65-46D1-85A4-DC984B205A63}
	EndGlobalSection
EndGlobal
