
Microsoft Visual Studio Solution File, Format Version 12.00
# Visual Studio 15
VisualStudioVersion = 15.0.28307.572
MinimumVisualStudioVersion = 10.0.40219.1
Project("{FAE04EC0-301F-11D3-BF4B-00C04F79EFBC}") = "WebApplication2", "WebApplication2\WebApplication2.csproj", "{06F8C2AD-BEB3-4BBE-A7A4-62408589CD91}"
EndProject
Global
	GlobalSection(SolutionConfigurationPlatforms) = preSolution
		Debug|Any CPU = Debug|Any CPU
		Release|Any CPU = Release|Any CPU
	EndGlobalSection
	GlobalSection(ProjectConfigurationPlatforms) = postSolution
		{06F8C2AD-BEB3-4BBE-A7A4-62408589CD91}.Debug|Any CPU.ActiveCfg = Debug|Any CPU
		{06F8C2AD-BEB3-4BBE-A7A4-62408589CD91}.Debug|Any CPU.Build.0 = Debug|Any CPU
		{06F8C2AD-BEB3-4BBE-A7A4-62408589CD91}.Release|Any CPU.ActiveCfg = Release|Any CPU
		{06F8C2AD-BEB3-4BBE-A7A4-62408589CD91}.Release|Any CPU.Build.0 = Release|Any CPU
	EndGlobalSection
	GlobalSection(SolutionProperties) = preSolution
		HideSolutionNode = FALSE
	EndGlobalSection
	GlobalSection(ExtensibilityGlobals) = postSolution
		SolutionGuid = {4EA09C29-342E-4EEC-895F-5C9E2EFE9FA4}
	EndGlobalSection
EndGlobal
